// !$*UTF8*$!
{
	archiveVersion = 1;
	classes = {
	};
	objectVersion = 46;
	objects = {

/* Begin PBXBuildFile section */
		DB3E81101B4CF7E100401392 /* main.m in Sources */ = {isa = PBXBuildFile; fileRef = DB3E810F1B4CF7E100401392 /* main.m */; };
		DB3E811B1B4CF88400401392 /* UniversityStudent.m in Sources */ = {isa = PBXBuildFile; fileRef = DB3E811A1B4CF88400401392 /* UniversityStudent.m */; };
/* End PBXBuildFile section */

/* Begin PBXCopyFilesBuildPhase section */
		DB3E810A1B4CF7E100401392 /* CopyFiles */ = {
			isa = PBXCopyFilesBuildPhase;
			buildActionMask = 2147483647;
			dstPath = /usr/share/man/man1/;
			dstSubfolderSpec = 0;
			files = (
			);
			runOnlyForDeploymentPostprocessing = 1;
		};
/* End PBXCopyFilesBuildPhase section */

/* Begin PBXFileReference section */
		DB3E810C1B4CF7E100401392 /* Student_Class_Classification */ = {isa = PBXFileReference; explicitFileType = "compiled.mach-o.executable"; includeInIndex = 0; path = Student_Class_Classification; sourceTree = BUILT_PRODUCTS_DIR; };
		DB3E810F1B4CF7E100401392 /* main.m */ = {isa = PBXFileReference; lastKnownFileType = sourcecode.c.objc; path = main.m; sourceTree = "<group>"; };
		DB3E81191B4CF88400401392 /* UniversityStudent.h */ = {isa = PBXFileReference; fileEncoding = 4; lastKnownFileType = sourcecode.c.h; path = UniversityStudent.h; sourceTree = "<group>"; };
		DB3E811A1B4CF88400401392 /* UniversityStudent.m */ = {isa = PBXFileReference; fileEncoding = 4; lastKnownFileType = sourcecode.c.objc; path = UniversityStudent.m; sourceTree = "<group>"; };
/* End PBXFileReference section */

/* Begin PBXFrameworksBuildPhase section */
		DB3E81091B4CF7E100401392 /* Frameworks */ = {
			isa = PBXFrameworksBuildPhase;
			buildActionMask = 2147483647;
			files = (
			);
			runOnlyForDeploymentPostprocessing = 0;
		};
/* End PBXFrameworksBuildPhase section */

/* Begin PBXGroup section */
		DB3E81031B4CF7E100401392 = {
			isa = PBXGroup;
			children = (
				DB3E810E1B4CF7E100401392 /* Student_Class_Classification */,
				DB3E810D1B4CF7E100401392 /* Products */,
			);
			sourceTree = "<group>";
		};
		DB3E810D1B4CF7E100401392 /* Products */ = {
			isa = PBXGroup;
			children = (
				DB3E810C1B4CF7E100401392 /* Student_Class_Classification */,
			);
			name = Products;
			sourceTree = "<group>";
		};
		DB3E810E1B4CF7E100401392 /* Student_Class_Classification */ = {
			isa = PBXGroup;
			children = (
				DB3E810F1B4CF7E100401392 /* main.m */,
				DB3E81191B4CF88400401392 /* UniversityStudent.h */,
				DB3E811A1B4CF88400401392 /* UniversityStudent.m */,
			);
			path = Student_Class_Classification;
			sourceTree = "<group>";
		};
/* End PBXGroup section */

/* Begin PBXNativeTarget section */
		DB3E810B1B4CF7E100401392 /* Student_Class_Classification */ = {
			isa = PBXNativeTarget;
			buildConfigurationList = DB3E81131B4CF7E100401392 /* Build configuration list for PBXNativeTarget "Student_Class_Classification" */;
			buildPhases = (
				DB3E81081B4CF7E100401392 /* Sources */,
				DB3E81091B4CF7E100401392 /* Frameworks */,
				DB3E810A1B4CF7E100401392 /* CopyFiles */,
			);
			buildRules = (
			);
			dependencies = (
			);
			name = Student_Class_Classification;
			productName = Student_Class_Classification;
			productReference = DB3E810C1B4CF7E100401392 /* Student_Class_Classification */;
			productType = "com.apple.product-type.tool";
		};
/* End PBXNativeTarget section */

/* Begin PBXProject section */
		DB3E81041B4CF7E100401392 /* Project object */ = {
			isa = PBXProject;
			attributes = {
				LastUpgradeCheck = 0640;
				ORGANIZATIONNAME = iOSTraining;
				TargetAttributes = {
					DB3E810B1B4CF7E100401392 = {
						CreatedOnToolsVersion = 6.4;
					};
				};
			};
			buildConfigurationList = DB3E81071B4CF7E100401392 /* Build configuration list for PBXProject "Student_Class_Classification" */;
			compatibilityVersion = "Xcode 3.2";
			developmentRegion = English;
			hasScannedForEncodings = 0;
			knownRegions = (
				en,
			);
			mainGroup = DB3E81031B4CF7E100401392;
			productRefGroup = DB3E810D1B4CF7E100401392 /* Products */;
			projectDirPath = "";
			projectRoot = "";
			targets = (
				DB3E810B1B4CF7E100401392 /* Student_Class_Classification */,
			);
		};
/* End PBXProject section */

/* Begin PBXSourcesBuildPhase section */
		DB3E81081B4CF7E100401392 /* Sources */ = {
			isa = PBXSourcesBuildPhase;
			buildActionMask = 2147483647;
			files = (
				DB3E81101B4CF7E100401392 /* main.m in Sources */,
				DB3E811B1B4CF88400401392 /* UniversityStudent.m in Sources */,
			);
			runOnlyForDeploymentPostprocessing = 0;
		};
/* End PBXSourcesBuildPhase section */

/* Begin XCBuildConfiguration section */
		DB3E81111B4CF7E100401392 /* Debug */ = {
			isa = XCBuildConfiguration;
			buildSettings = {
				ALWAYS_SEARCH_USER_PATHS = NO;
				CLANG_CXX_LANGUAGE_STANDARD = "gnu++0x";
				CLANG_CXX_LIBRARY = "libc++";
				CLANG_ENABLE_MODULES = YES;
				CLANG_ENABLE_OBJC_ARC = YES;
				CLANG_WARN_BOOL_CONVERSION = YES;
				CLANG_WARN_CONSTANT_CONVERSION = YES;
				CLANG_WARN_DIRECT_OBJC_ISA_USAGE = YES_ERROR;
				CLANG_WARN_EMPTY_BODY = YES;
				CLANG_WARN_ENUM_CONVERSION = YES;
				CLANG_WARN_INT_CONVERSION = YES;
				CLANG_WARN_OBJC_ROOT_CLASS = YES_ERROR;
				CLANG_WARN_UNREACHABLE_CODE = YES;
				CLANG_WARN__DUPLICATE_METHOD_MATCH = YES;
				COPY_PHASE_STRIP = NO;
				DEBUG_INFORMATION_FORMAT = dwarf;
				ENABLE_STRICT_OBJC_MSGSEND = YES;
				GCC_C_LANGUAGE_STANDARD = gnu99;
				GCC_DYNAMIC_NO_PIC = NO;
				GCC_NO_COMMON_BLOCKS = YES;
				GCC_OPTIMIZATION_LEVEL = 0;
				GCC_PREPROCESSOR_DEFINITIONS = (
					"DEBUG=1",
					"$(inherited)",
				);
				GCC_SYMBOLS_PRIVATE_EXTERN = NO;
				GCC_WARN_64_TO_32_BIT_CONVERSION = YES;
				GCC_WARN_ABOUT_RETURN_TYPE = YES_ERROR;
				GCC_WARN_UNDECLARED_SELECTOR = YES;
				GCC_WARN_UNINITIALIZED_AUTOS = YES_AGGRESSIVE;
				GCC_WARN_UNUSED_FUNCTION = YES;
				GCC_WARN_UNUSED_VARIABLE = YES;
				MACOSX_DEPLOYMENT_TARGET = 10.10;
				MTL_ENABLE_DEBUG_INFO = YES;
				ONLY_ACTIVE_ARCH = YES;
				SDKROOT = macosx;
			};
			name = Debug;
		};
		DB3E81121B4CF7E100401392 /* Release */ = {
			isa = XCBuildConfiguration;
			buildSettings = {
				ALWAYS_SEARCH_USER_PATHS = NO;
				CLANG_CXX_LANGUAGE_STANDARD = "gnu++0x";
				CLANG_CXX_LIBRARY = "libc++";
				CLANG_ENABLE_MODULES = YES;
				CLANG_ENABLE_OBJC_ARC = YES;
				CLANG_WARN_BOOL_CONVERSION = YES;
				CLANG_WARN_CONSTANT_CONVERSION = YES;
				CLANG_WARN_DIRECT_OBJC_ISA_USAGE = YES_ERROR;
				CLANG_WARN_EMPTY_BODY = YES;
				CLANG_WARN_ENUM_CONVERSION = YES;
				CLANG_WARN_INT_CONVERSION = YES;
				CLANG_WARN_OBJC_ROOT_CLASS = YES_ERROR;
				CLANG_WARN_UNREACHABLE_CODE = YES;
				CLANG_WARN__DUPLICATE_METHOD_MATCH = YES;
				COPY_PHASE_STRIP = NO;
				DEBUG_INFORMATION_FORMAT = "dwarf-with-dsym";
				ENABLE_NS_ASSERTIONS = NO;
				ENABLE_STRICT_OBJC_MSGSEND = YES;
				GCC_C_LANGUAGE_STANDARD = gnu99;
				GCC_NO_COMMON_BLOCKS = YES;
				GCC_WARN_64_TO_32_BIT_CONVERSION = YES;
				GCC_WARN_ABOUT_RETURN_TYPE = YES_ERROR;
				GCC_WARN_UNDECLARED_SELECTOR = YES;
				GCC_WARN_UNINITIALIZED_AUTOS = YES_AGGRESSIVE;
				GCC_WARN_UNUSED_FUNCTION = YES;
				GCC_WARN_UNUSED_VARIABLE = YES;
				MACOSX_DEPLOYMENT_TARGET = 10.10;
				MTL_ENABLE_DEBUG_INFO = NO;
				SDKROOT = macosx;
			};
			name = Release;
		};
		DB3E81141B4CF7E100401392 /* Debug */ = {
			isa = XCBuildConfiguration;
			buildSettings = {
				PRODUCT_NAME = "$(TARGET_NAME)";
			};
			name = Debug;
		};
		DB3E81151B4CF7E100401392 /* Release */ = {
			isa = XCBuildConfiguration;
			buildSettings = {
				PRODUCT_NAME = "$(TARGET_NAME)";
			};
			name = Release;
		};
/* End XCBuildConfiguration section */

/* Begin XCConfigurationList section */
		DB3E81071B4CF7E100401392 /* Build configuration list for PBXProject "Student_Class_Classification" */ = {
			isa = XCConfigurationList;
			buildConfigurations = (
				DB3E81111B4CF7E100401392 /* Debug */,
				DB3E81121B4CF7E100401392 /* Release */,
			);
			defaultConfigurationIsVisible = 0;
			defaultConfigurationName = Release;
		};
		DB3E81131B4CF7E100401392 /* Build configuration list for PBXNativeTarget "Student_Class_Classification" */ = {
			isa = XCConfigurationList;
			buildConfigurations = (
				DB3E81141B4CF7E100401392 /* Debug */,
				DB3E81151B4CF7E100401392 /* Release */,
			);
			defaultConfigurationIsVisible = 0;
		};
/* End XCConfigurationList section */
	};
	rootObject = DB3E81041B4CF7E100401392 /* Project object */;
}
